
Microsoft Visual Studio Solution File, Format Version 12.00
# Visual Studio Version 17
VisualStudioVersion = 17.0.32014.148
MinimumVisualStudioVersion = 10.0.40219.1
Project("{FAE04EC0-301F-11D3-BF4B-00C04F79EFBC}") = "API FrontTest", "API FrontTest\API FrontTest.csproj", "{CED2C4C5-D5B6-452A-8981-4B956D041634}"
EndProject
Global
	GlobalSection(SolutionConfigurationPlatforms) = preSolution
		Debug|Any CPU = Debug|Any CPU
		Release|Any CPU = Release|Any CPU
	EndGlobalSection
	GlobalSection(ProjectConfigurationPlatforms) = postSolution
		{CED2C4C5-D5B6-452A-8981-4B956D041634}.Debug|Any CPU.ActiveCfg = Debug|Any CPU
		{CED2C4C5-D5B6-452A-8981-4B956D041634}.Debug|Any CPU.Build.0 = Debug|Any CPU
		{CED2C4C5-D5B6-452A-8981-4B956D041634}.Release|Any CPU.ActiveCfg = Release|Any CPU
		{CED2C4C5-D5B6-452A-8981-4B956D041634}.Release|Any CPU.Build.0 = Release|Any CPU
	EndGlobalSection
	GlobalSection(SolutionProperties) = preSolution
		HideSolutionNode = FALSE
	EndGlobalSection
	GlobalSection(ExtensibilityGlobals) = postSolution
		SolutionGuid = {A29081B6-8C25-451D-B68F-5387D63F4A9B}
	EndGlobalSection
EndGlobal
